Microsoft Visual Studio Solution File, Format Version 12.00
# Visual Studio Version 17
VisualStudioVersion = 17.5.2.0
MinimumVisualStudioVersion = 10.0.40219.1
Project("{FAE04EC0-301F-11D3-BF4B-00C04F79EFBC}") = "KKHCleanBus.MicroServices", "KKHCleanBus.MicroServices.csproj", "{23CEC5D4-59D8-4526-8386-FD3ADFBE67E4}"
EndProject
Project("{2150E333-8FDC-42A3-9474-1A3956D46DE8}") = "Tools", "Tools", "{07C2787E-EAC7-C090-1BA3-A61EC2A24D84}"
EndProject
Project("{FAE04EC0-301F-11D3-BF4B-00C04F79EFBC}") = "DataMigration", "Tools\DataMigration.csproj", "{6EAA5462-199E-7FA3-6002-D435122001DC}"
EndProject
Global
	GlobalSection(SolutionConfigurationPlatforms) = preSolution
		Debug|Any CPU = Debug|Any CPU
		Release|Any CPU = Release|Any CPU
	EndGlobalSection
	GlobalSection(ProjectConfigurationPlatforms) = postSolution
		{23CEC5D4-59D8-4526-8386-FD3ADFBE67E4}.Debug|Any CPU.ActiveCfg = Debug|Any CPU
		{23CEC5D4-59D8-4526-8386-FD3ADFBE67E4}.Debug|Any CPU.Build.0 = Debug|Any CPU
		{23CEC5D4-59D8-4526-8386-FD3ADFBE67E4}.Release|Any CPU.ActiveCfg = Release|Any CPU
		{23CEC5D4-59D8-4526-8386-FD3ADFBE67E4}.Release|Any CPU.Build.0 = Release|Any CPU
		{6EAA5462-199E-7FA3-6002-D435122001DC}.Debug|Any CPU.ActiveCfg = Debug|Any CPU
		{6EAA5462-199E-7FA3-6002-D435122001DC}.Debug|Any CPU.Build.0 = Debug|Any CPU
		{6EAA5462-199E-7FA3-6002-D435122001DC}.Release|Any CPU.ActiveCfg = Release|Any CPU
		{6EAA5462-199E-7FA3-6002-D435122001DC}.Release|Any CPU.Build.0 = Release|Any CPU
	EndGlobalSection
	GlobalSection(SolutionProperties) = preSolution
		HideSolutionNode = FALSE
	EndGlobalSection
	GlobalSection(NestedProjects) = preSolution
		{6EAA5462-199E-7FA3-6002-D435122001DC} = {07C2787E-EAC7-C090-1BA3-A61EC2A24D84}
	EndGlobalSection
	GlobalSection(ExtensibilityGlobals) = postSolution
		SolutionGuid = {DC592507-6D29-4EC9-88DB-27C5493EB387}
	EndGlobalSection
EndGlobal
